
Microsoft Visual Studio Solution File, Format Version 12.00
# Visual Studio Version 17
VisualStudioVersion = 17.11.35303.130
MinimumVisualStudioVersion = 10.0.40219.1
Project("{2150E333-8FDC-42A3-9474-1A3956D46DE8}") = "task0", "task0", "{7CBEB3C7-8DB1-42B4-861E-3FF5BF996C28}"
EndProject
Project("{9A19103F-16F7-4668-BE54-9A1E7A4F7556}") = "Tyuiu.KushnirS.Sprint0.task0.V00", "Tyuiu.KushnirS.Sprint0.task0.V00\Tyuiu.KushnirS.Sprint0.task0.V00.csproj", "{2D4B35E9-FAAB-4E38-A910-82DC430381D7}"
EndProject
Project("{2150E333-8FDC-42A3-9474-1A3956D46DE8}") = "task1", "task1", "{DAE1EC36-5DCD-41A9-9772-18D333C86DCC}"
EndProject
Project("{9A19103F-16F7-4668-BE54-9A1E7A4F7556}") = "tyuiu.KushnirS.sprint0.task1.v0", "tyuiu.KushnirS.sprint0.task1.v0\tyuiu.KushnirS.sprint0.task1.v0.csproj", "{A41579F9-BEAB-43BE-BAB7-9D69B00674F0}"
EndProject
Project("{2150E333-8FDC-42A3-9474-1A3956D46DE8}") = "task2", "task2", "{C530B936-EDD7-4024-A767-AC7DC4D60345}"
EndProject
Project("{9A19103F-16F7-4668-BE54-9A1E7A4F7556}") = "Tyuiu.KushnirS.Sprint0.task2.v0", "Tyuiu.KushnirS.sprint0.task2.v0\Tyuiu.KushnirS.Sprint0.task2.v0.csproj", "{E88F4FFC-6D57-49E2-810C-C87C722DCA53}"
EndProject
Project("{9A19103F-16F7-4668-BE54-9A1E7A4F7556}") = "Tyuiu.KushnirS.Sprint0.task2.v0.lib", "Tyuiu.KushnirS.Sprint0.task2.v0.lib\Tyuiu.KushnirS.Sprint0.task2.v0.lib.csproj", "{395A1ED7-8170-4546-BBF8-CDF65C34C63F}"
EndProject
Project("{9A19103F-16F7-4668-BE54-9A1E7A4F7556}") = "Tyuiu.KushnirS.Sprint0.task2.v0.test", "Tyuiu.KushnirS.Sprint0.task2.v0.test\Tyuiu.KushnirS.Sprint0.task2.v0.test.csproj", "{1C86F6D9-A0E5-4AA3-A4BD-E5D0423D5C2E}"
EndProject
Project("{2150E333-8FDC-42A3-9474-1A3956D46DE8}") = "task3", "task3", "{867EBE6E-0470-470E-B86C-A21803DDD52D}"
EndProject
Project("{9A19103F-16F7-4668-BE54-9A1E7A4F7556}") = "Tyuiu.KushnirS.Sprint0.task3.v0", "Tyuiu.KushnirS.Sprint0.task3.v0\Tyuiu.KushnirS.Sprint0.task3.v0.csproj", "{755E0153-C3E8-48CB-A528-486327646997}"
EndProject
Project("{9A19103F-16F7-4668-BE54-9A1E7A4F7556}") = "Tyuiu.KushnirS.Sprint0.task3.v0.lib", "Tyuiu.KushnirS.Sprint0.task3.v0.lib\Tyuiu.KushnirS.Sprint0.task3.v0.lib.csproj", "{0A67D98B-D803-4DFF-8E6E-8F48CC3FB4D0}"
EndProject
Project("{9A19103F-16F7-4668-BE54-9A1E7A4F7556}") = "Tyuiu.KushnirS.Sprint0.task3.v0.test", "Tyuiu.KushnirS.Sprint0.task3.v0.test\Tyuiu.KushnirS.Sprint0.task3.v0.test.csproj", "{26C3E237-C294-4E55-9177-8AFF34B84B7A}"
EndProject
Project("{2150E333-8FDC-42A3-9474-1A3956D46DE8}") = "task4", "task4", "{8F0B6F06-EBA0-4519-BFE9-4F9BC69F4630}"
EndProject
Project("{9A19103F-16F7-4668-BE54-9A1E7A4F7556}") = "Tyuiu.KushnirS.Sprint0.task4.v0", "Tyuiu.KushnirS.Sprint0.task4.v0\Tyuiu.KushnirS.Sprint0.task4.v0.csproj", "{67BDC7B2-691F-46F2-A596-BD10A2DEBC9F}"
EndProject
Project("{9A19103F-16F7-4668-BE54-9A1E7A4F7556}") = "Tyuiu.KushnirS.Sprint0.task4.v0.lib", "Tyuiu.KushnirS.Sprint0.task4.v0.lib\Tyuiu.KushnirS.Sprint0.task4.v0.lib.csproj", "{2C6DF916-04F6-4EAA-8E57-2429F3795348}"
EndProject
Project("{9A19103F-16F7-4668-BE54-9A1E7A4F7556}") = "Tyuiu.KushnirS.Sprint0.task4.v0.test", "Tyuiu.KushnirS.Sprint0.task4.v0.test\Tyuiu.KushnirS.Sprint0.task4.v0.test.csproj", "{FDA12E09-4F4C-40F1-8D06-C0278B55AD8A}"
EndProject
Project("{2150E333-8FDC-42A3-9474-1A3956D46DE8}") = "task5", "task5", "{69070D87-BEB0-40D8-9602-5A910BB60470}"
EndProject
Project("{9A19103F-16F7-4668-BE54-9A1E7A4F7556}") = "Tyuiu.KushnirS.Sprint0.task5.v0", "Tyuiu.KushnirS.Sprint0.task5.v0\Tyuiu.KushnirS.Sprint0.task5.v0.csproj", "{43173FD8-3379-48A0-A4E9-34871EB216EF}"
EndProject
Project("{9A19103F-16F7-4668-BE54-9A1E7A4F7556}") = "Tyuiu.KushnirS.Sprint0.task5.v0.lib", "Tyuiu.KushnirS.Sprint0.task5.v0.lib\Tyuiu.KushnirS.Sprint0.task5.v0.lib.csproj", "{F270C624-AF49-4189-887C-2938820BB38A}"
EndProject
Project("{9A19103F-16F7-4668-BE54-9A1E7A4F7556}") = "Tyuiu.KushnirS.Sprint0.task5.v0.test", "Tyuiu.KushnirS.Sprint0.task5.v0.test\Tyuiu.KushnirS.Sprint0.task5.v0.test.csproj", "{430CBD1E-3FF3-472D-B9DC-8F0DD0B5F44D}"
EndProject
Project("{2150E333-8FDC-42A3-9474-1A3956D46DE8}") = "task6", "task6", "{AE0F80E9-67BC-4960-BFE8-62D185236FC7}"
EndProject
Project("{9A19103F-16F7-4668-BE54-9A1E7A4F7556}") = "Tyuiu.KushnirS.Sprint0.task6.v0", "Tyuiu.KushnirS.Sprint0.task6.v0\Tyuiu.KushnirS.Sprint0.task6.v0.csproj", "{57ED389A-E8B6-4D34-B9E8-8515C67534C0}"
EndProject
Project("{9A19103F-16F7-4668-BE54-9A1E7A4F7556}") = "Tyuiu.KushnirS.Sprint0.task6.v0.lib", "Tyuiu.KushnirS.Sprint0.task6.v0.lib\Tyuiu.KushnirS.Sprint0.task6.v0.lib.csproj", "{8E893740-46D7-4237-98F1-4404D2D27008}"
EndProject
Project("{9A19103F-16F7-4668-BE54-9A1E7A4F7556}") = "Tyuiu.KushnirS.Sprint0.task6.v0.test", "Tyuiu.KushnirS.Sprint0.task6.v0.test\Tyuiu.KushnirS.Sprint0.task6.v0.test.csproj", "{2A042CD8-A175-48F9-9226-CDB71D11A306}"
EndProject
Project("{2150E333-8FDC-42A3-9474-1A3956D46DE8}") = "task7", "task7", "{404D4D34-925E-470C-A76C-AA94DCB7FE56}"
EndProject
Project("{FAE04EC0-301F-11D3-BF4B-00C04F79EFBC}") = "Tyuiu.KushnirS.Sprint0.task7.v0", "Tyuiu.KushnirS.Sprint0.task7.v0\Tyuiu.KushnirS.Sprint0.task7.v0.csproj", "{34384C5B-298E-4273-BF2C-DE02B4B05421}"
EndProject
Project("{FAE04EC0-301F-11D3-BF4B-00C04F79EFBC}") = "Tyuiu.KushnirS.Sprint0.task7.v0.lib", "Tyuiu.KushnirS.Sprint0.task7.v0.lib\Tyuiu.KushnirS.Sprint0.task7.v0.lib.csproj", "{817DFD4B-2256-45C3-A1AB-704B81EE2978}"
EndProject
Project("{FAE04EC0-301F-11D3-BF4B-00C04F79EFBC}") = "Tyuiu.KushnirS.Sprint0.task7.v0.test", "Tyuiu.KushnirS.Sprint0.task7.v0.test\Tyuiu.KushnirS.Sprint0.task7.v0.test.csproj", "{3582FF04-C9AB-4C31-A348-98718D606DE2}"
EndProject
Global
	GlobalSection(SolutionConfigurationPlatforms) = preSolution
		Debug|Any CPU = Debug|Any CPU
		Release|Any CPU = Release|Any CPU
	EndGlobalSection
	GlobalSection(ProjectConfigurationPlatforms) = postSolution
		{2D4B35E9-FAAB-4E38-A910-82DC430381D7}.Debug|Any CPU.ActiveCfg = Debug|Any CPU
		{2D4B35E9-FAAB-4E38-A910-82DC430381D7}.Debug|Any CPU.Build.0 = Debug|Any CPU
		{2D4B35E9-FAAB-4E38-A910-82DC430381D7}.Release|Any CPU.ActiveCfg = Release|Any CPU
		{2D4B35E9-FAAB-4E38-A910-82DC430381D7}.Release|Any CPU.Build.0 = Release|Any CPU
		{A41579F9-BEAB-43BE-BAB7-9D69B00674F0}.Debug|Any CPU.ActiveCfg = Debug|Any CPU
		{A41579F9-BEAB-43BE-BAB7-9D69B00674F0}.Debug|Any CPU.Build.0 = Debug|Any CPU
		{A41579F9-BEAB-43BE-BAB7-9D69B00674F0}.Release|Any CPU.ActiveCfg = Release|Any CPU
		{A41579F9-BEAB-43BE-BAB7-9D69B00674F0}.Release|Any CPU.Build.0 = Release|Any CPU
		{E88F4FFC-6D57-49E2-810C-C87C722DCA53}.Debug|Any CPU.ActiveCfg = Debug|Any CPU
		{E88F4FFC-6D57-49E2-810C-C87C722DCA53}.Debug|Any CPU.Build.0 = Debug|Any CPU
		{E88F4FFC-6D57-49E2-810C-C87C722DCA53}.Release|Any CPU.ActiveCfg = Release|Any CPU
		{E88F4FFC-6D57-49E2-810C-C87C722DCA53}.Release|Any CPU.Build.0 = Release|Any CPU
		{395A1ED7-8170-4546-BBF8-CDF65C34C63F}.Debug|Any CPU.ActiveCfg = Debug|Any CPU
		{395A1ED7-8170-4546-BBF8-CDF65C34C63F}.Debug|Any CPU.Build.0 = Debug|Any CPU
		{395A1ED7-8170-4546-BBF8-CDF65C34C63F}.Release|Any CPU.ActiveCfg = Release|Any CPU
		{395A1ED7-8170-4546-BBF8-CDF65C34C63F}.Release|Any CPU.Build.0 = Release|Any CPU
		{1C86F6D9-A0E5-4AA3-A4BD-E5D0423D5C2E}.Debug|Any CPU.ActiveCfg = Debug|Any CPU
		{1C86F6D9-A0E5-4AA3-A4BD-E5D0423D5C2E}.Debug|Any CPU.Build.0 = Debug|Any CPU
		{1C86F6D9-A0E5-4AA3-A4BD-E5D0423D5C2E}.Release|Any CPU.ActiveCfg = Release|Any CPU
		{1C86F6D9-A0E5-4AA3-A4BD-E5D0423D5C2E}.Release|Any CPU.Build.0 = Release|Any CPU
		{755E0153-C3E8-48CB-A528-486327646997}.Debug|Any CPU.ActiveCfg = Debug|Any CPU
		{755E0153-C3E8-48CB-A528-486327646997}.Debug|Any CPU.Build.0 = Debug|Any CPU
		{755E0153-C3E8-48CB-A528-486327646997}.Release|Any CPU.ActiveCfg = Release|Any CPU
		{755E0153-C3E8-48CB-A528-486327646997}.Release|Any CPU.Build.0 = Release|Any CPU
		{0A67D98B-D803-4DFF-8E6E-8F48CC3FB4D0}.Debug|Any CPU.ActiveCfg = Debug|Any CPU
		{0A67D98B-D803-4DFF-8E6E-8F48CC3FB4D0}.Debug|Any CPU.Build.0 = Debug|Any CPU
		{0A67D98B-D803-4DFF-8E6E-8F48CC3FB4D0}.Release|Any CPU.ActiveCfg = Release|Any CPU
		{0A67D98B-D803-4DFF-8E6E-8F48CC3FB4D0}.Release|Any CPU.Build.0 = Release|Any CPU
		{26C3E237-C294-4E55-9177-8AFF34B84B7A}.Debug|Any CPU.ActiveCfg = Debug|Any CPU
		{26C3E237-C294-4E55-9177-8AFF34B84B7A}.Debug|Any CPU.Build.0 = Debug|Any CPU
		{26C3E237-C294-4E55-9177-8AFF34B84B7A}.Release|Any CPU.ActiveCfg = Release|Any CPU
		{26C3E237-C294-4E55-9177-8AFF34B84B7A}.Release|Any CPU.Build.0 = Release|Any CPU
		{67BDC7B2-691F-46F2-A596-BD10A2DEBC9F}.Debug|Any CPU.ActiveCfg = Debug|Any CPU
		{67BDC7B2-691F-46F2-A596-BD10A2DEBC9F}.Debug|Any CPU.Build.0 = Debug|Any CPU
		{67BDC7B2-691F-46F2-A596-BD10A2DEBC9F}.Release|Any CPU.ActiveCfg = Release|Any CPU
		{67BDC7B2-691F-46F2-A596-BD10A2DEBC9F}.Release|Any CPU.Build.0 = Release|Any CPU
		{2C6DF916-04F6-4EAA-8E57-2429F3795348}.Debug|Any CPU.ActiveCfg = Debug|Any CPU
		{2C6DF916-04F6-4EAA-8E57-2429F3795348}.Debug|Any CPU.Build.0 = Debug|Any CPU
		{2C6DF916-04F6-4EAA-8E57-2429F3795348}.Release|Any CPU.ActiveCfg = Release|Any CPU
		{2C6DF916-04F6-4EAA-8E57-2429F3795348}.Release|Any CPU.Build.0 = Release|Any CPU
		{FDA12E09-4F4C-40F1-8D06-C0278B55AD8A}.Debug|Any CPU.ActiveCfg = Debug|Any CPU
		{FDA12E09-4F4C-40F1-8D06-C0278B55AD8A}.Debug|Any CPU.Build.0 = Debug|Any CPU
		{FDA12E09-4F4C-40F1-8D06-C0278B55AD8A}.Release|Any CPU.ActiveCfg = Release|Any CPU
		{FDA12E09-4F4C-40F1-8D06-C0278B55AD8A}.Release|Any CPU.Build.0 = Release|Any CPU
		{43173FD8-3379-48A0-A4E9-34871EB216EF}.Debug|Any CPU.ActiveCfg = Debug|Any CPU
		{43173FD8-3379-48A0-A4E9-34871EB216EF}.Debug|Any CPU.Build.0 = Debug|Any CPU
		{43173FD8-3379-48A0-A4E9-34871EB216EF}.Release|Any CPU.ActiveCfg = Release|Any CPU
		{43173FD8-3379-48A0-A4E9-34871EB216EF}.Release|Any CPU.Build.0 = Release|Any CPU
		{F270C624-AF49-4189-887C-2938820BB38A}.Debug|Any CPU.ActiveCfg = Debug|Any CPU
		{F270C624-AF49-4189-887C-2938820BB38A}.Debug|Any CPU.Build.0 = Debug|Any CPU
		{F270C624-AF49-4189-887C-2938820BB38A}.Release|Any CPU.ActiveCfg = Release|Any CPU
		{F270C624-AF49-4189-887C-2938820BB38A}.Release|Any CPU.Build.0 = Release|Any CPU
		{430CBD1E-3FF3-472D-B9DC-8F0DD0B5F44D}.Debug|Any CPU.ActiveCfg = Debug|Any CPU
		{430CBD1E-3FF3-472D-B9DC-8F0DD0B5F44D}.Debug|Any CPU.Build.0 = Debug|Any CPU
		{430CBD1E-3FF3-472D-B9DC-8F0DD0B5F44D}.Release|Any CPU.ActiveCfg = Release|Any CPU
		{430CBD1E-3FF3-472D-B9DC-8F0DD0B5F44D}.Release|Any CPU.Build.0 = Release|Any CPU
		{57ED389A-E8B6-4D34-B9E8-8515C67534C0}.Debug|Any CPU.ActiveCfg = Debug|Any CPU
		{57ED389A-E8B6-4D34-B9E8-8515C67534C0}.Debug|Any CPU.Build.0 = Debug|Any CPU
		{57ED389A-E8B6-4D34-B9E8-8515C67534C0}.Release|Any CPU.ActiveCfg = Release|Any CPU
		{57ED389A-E8B6-4D34-B9E8-8515C67534C0}.Release|Any CPU.Build.0 = Release|Any CPU
		{8E893740-46D7-4237-98F1-4404D2D27008}.Debug|Any CPU.ActiveCfg = Debug|Any CPU
		{8E893740-46D7-4237-98F1-4404D2D27008}.Debug|Any CPU.Build.0 = Debug|Any CPU
		{8E893740-46D7-4237-98F1-4404D2D27008}.Release|Any CPU.ActiveCfg = Release|Any CPU
		{8E893740-46D7-4237-98F1-4404D2D27008}.Release|Any CPU.Build.0 = Release|Any CPU
		{2A042CD8-A175-48F9-9226-CDB71D11A306}.Debug|Any CPU.ActiveCfg = Debug|Any CPU
		{2A042CD8-A175-48F9-9226-CDB71D11A306}.Debug|Any CPU.Build.0 = Debug|Any CPU
		{2A042CD8-A175-48F9-9226-CDB71D11A306}.Release|Any CPU.ActiveCfg = Release|Any CPU
		{2A042CD8-A175-48F9-9226-CDB71D11A306}.Release|Any CPU.Build.0 = Release|Any CPU
		{34384C5B-298E-4273-BF2C-DE02B4B05421}.Debug|Any CPU.ActiveCfg = Debug|Any CPU
		{34384C5B-298E-4273-BF2C-DE02B4B05421}.Debug|Any CPU.Build.0 = Debug|Any CPU
		{34384C5B-298E-4273-BF2C-DE02B4B05421}.Release|Any CPU.ActiveCfg = Release|Any CPU
		{34384C5B-298E-4273-BF2C-DE02B4B05421}.Release|Any CPU.Build.0 = Release|Any CPU
		{817DFD4B-2256-45C3-A1AB-704B81EE2978}.Debug|Any CPU.ActiveCfg = Debug|Any CPU
		{817DFD4B-2256-45C3-A1AB-704B81EE2978}.Debug|Any CPU.Build.0 = Debug|Any CPU
		{817DFD4B-2256-45C3-A1AB-704B81EE2978}.Release|Any CPU.ActiveCfg = Release|Any CPU
		{817DFD4B-2256-45C3-A1AB-704B81EE2978}.Release|Any CPU.Build.0 = Release|Any CPU
		{3582FF04-C9AB-4C31-A348-98718D606DE2}.Debug|Any CPU.ActiveCfg = Debug|Any CPU
		{3582FF04-C9AB-4C31-A348-98718D606DE2}.Debug|Any CPU.Build.0 = Debug|Any CPU
		{3582FF04-C9AB-4C31-A348-98718D606DE2}.Release|Any CPU.ActiveCfg = Release|Any CPU
		{3582FF04-C9AB-4C31-A348-98718D606DE2}.Release|Any CPU.Build.0 = Release|Any CPU
	EndGlobalSection
	GlobalSection(SolutionProperties) = preSolution
		HideSolutionNode = FALSE
	EndGlobalSection
	GlobalSection(NestedProjects) = preSolution
		{2D4B35E9-FAAB-4E38-A910-82DC430381D7} = {7CBEB3C7-8DB1-42B4-861E-3FF5BF996C28}
		{A41579F9-BEAB-43BE-BAB7-9D69B00674F0} = {DAE1EC36-5DCD-41A9-9772-18D333C86DCC}
		{E88F4FFC-6D57-49E2-810C-C87C722DCA53} = {C530B936-EDD7-4024-A767-AC7DC4D60345}
		{395A1ED7-8170-4546-BBF8-CDF65C34C63F} = {C530B936-EDD7-4024-A767-AC7DC4D60345}
		{1C86F6D9-A0E5-4AA3-A4BD-E5D0423D5C2E} = {C530B936-EDD7-4024-A767-AC7DC4D60345}
		{755E0153-C3E8-48CB-A528-486327646997} = {867EBE6E-0470-470E-B86C-A21803DDD52D}
		{0A67D98B-D803-4DFF-8E6E-8F48CC3FB4D0} = {867EBE6E-0470-470E-B86C-A21803DDD52D}
		{26C3E237-C294-4E55-9177-8AFF34B84B7A} = {867EBE6E-0470-470E-B86C-A21803DDD52D}
		{67BDC7B2-691F-46F2-A596-BD10A2DEBC9F} = {8F0B6F06-EBA0-4519-BFE9-4F9BC69F4630}
		{2C6DF916-04F6-4EAA-8E57-2429F3795348} = {8F0B6F06-EBA0-4519-BFE9-4F9BC69F4630}
		{FDA12E09-4F4C-40F1-8D06-C0278B55AD8A} = {8F0B6F06-EBA0-4519-BFE9-4F9BC69F4630}
		{43173FD8-3379-48A0-A4E9-34871EB216EF} = {69070D87-BEB0-40D8-9602-5A910BB60470}
		{F270C624-AF49-4189-887C-2938820BB38A} = {69070D87-BEB0-40D8-9602-5A910BB60470}
		{430CBD1E-3FF3-472D-B9DC-8F0DD0B5F44D} = {69070D87-BEB0-40D8-9602-5A910BB60470}
		{57ED389A-E8B6-4D34-B9E8-8515C67534C0} = {AE0F80E9-67BC-4960-BFE8-62D185236FC7}
		{8E893740-46D7-4237-98F1-4404D2D27008} = {AE0F80E9-67BC-4960-BFE8-62D185236FC7}
		{2A042CD8-A175-48F9-9226-CDB71D11A306} = {AE0F80E9-67BC-4960-BFE8-62D185236FC7}
		{34384C5B-298E-4273-BF2C-DE02B4B05421} = {404D4D34-925E-470C-A76C-AA94DCB7FE56}
		{817DFD4B-2256-45C3-A1AB-704B81EE2978} = {404D4D34-925E-470C-A76C-AA94DCB7FE56}
		{3582FF04-C9AB-4C31-A348-98718D606DE2} = {404D4D34-925E-470C-A76C-AA94DCB7FE56}
	EndGlobalSection
	GlobalSection(ExtensibilityGlobals) = postSolution
		SolutionGuid = {E162E6AE-DDDE-4814-87B7-97D7FA9F7A8D}
	EndGlobalSection
EndGlobal
